
Microsoft Visual Studio Solution File, Format Version 12.00
# Visual Studio Version 17
VisualStudioVersion = 17.14.37111.16 d17.14
MinimumVisualStudioVersion = 10.0.40219.1
Project("{FAE04EC0-301F-11D3-BF4B-00C04F79EFBC}") = "AppMVC", "AppMVC.csproj", "{029E57CC-5132-4D4A-9901-45DDBA63C540}"
EndProject
Global
	GlobalSection(SolutionConfigurationPlatforms) = preSolution
		Debug|Any CPU = Debug|Any CPU
		Release|Any CPU = Release|Any CPU
	EndGlobalSection
	GlobalSection(ProjectConfigurationPlatforms) = postSolution
		{029E57CC-5132-4D4A-9901-45DDBA63C540}.Debug|Any CPU.ActiveCfg = Debug|Any CPU
		{029E57CC-5132-4D4A-9901-45DDBA63C540}.Debug|Any CPU.Build.0 = Debug|Any CPU
		{029E57CC-5132-4D4A-9901-45DDBA63C540}.Release|Any CPU.ActiveCfg = Release|Any CPU
		{029E57CC-5132-4D4A-9901-45DDBA63C540}.Release|Any CPU.Build.0 = Release|Any CPU
	EndGlobalSection
	GlobalSection(SolutionProperties) = preSolution
		HideSolutionNode = FALSE
	EndGlobalSection
	GlobalSection(ExtensibilityGlobals) = postSolution
		SolutionGuid = {A48A5212-68B8-46D1-8D3D-C8B54FBCB657}
	EndGlobalSection
EndGlobal
